
Microsoft Visual Studio Solution File, Format Version 12.00
# Visual Studio Version 17
VisualStudioVersion = 17.3.32922.545
MinimumVisualStudioVersion = 10.0.40219.1
Project("{FAE04EC0-301F-11D3-BF4B-00C04F79EFBC}") = "MyFirstApp", "MyFirstApp\MyFirstApp.csproj", "{A062D474-28EC-4A83-B375-92101FA07D9E}"
EndProject
Global
	GlobalSection(SolutionConfigurationPlatforms) = preSolution
		Debug|Any CPU = Debug|Any CPU
		Release|Any CPU = Release|Any CPU
	EndGlobalSection
	GlobalSection(ProjectConfigurationPlatforms) = postSolution
		{A062D474-28EC-4A83-B375-92101FA07D9E}.Debug|Any CPU.ActiveCfg = Debug|Any CPU
		{A062D474-28EC-4A83-B375-92101FA07D9E}.Debug|Any CPU.Build.0 = Debug|Any CPU
		{A062D474-28EC-4A83-B375-92101FA07D9E}.Release|Any CPU.ActiveCfg = Release|Any CPU
		{A062D474-28EC-4A83-B375-92101FA07D9E}.Release|Any CPU.Build.0 = Release|Any CPU
	EndGlobalSection
	GlobalSection(SolutionProperties) = preSolution
		HideSolutionNode = FALSE
	EndGlobalSection
	GlobalSection(ExtensibilityGlobals) = postSolution
		SolutionGuid = {0B713B1E-0B7C-4E31-B1B8-263FB4BA8803}
	EndGlobalSection
EndGlobal
